
Microsoft Visual Studio Solution File, Format Version 12.00
# Visual Studio Version 17
VisualStudioVersion = 17.12.35527.113 d17.12
MinimumVisualStudioVersion = 10.0.40219.1
Project("{FAE04EC0-301F-11D3-BF4B-00C04F79EFBC}") = "QuizWebAPI", "QuizWebAPI\QuizWebAPI.csproj", "{CE2D3EE3-9C39-4073-AE05-860A5AF91A39}"
EndProject
Global
	GlobalSection(SolutionConfigurationPlatforms) = preSolution
		Debug|Any CPU = Debug|Any CPU
		Release|Any CPU = Release|Any CPU
	EndGlobalSection
	GlobalSection(ProjectConfigurationPlatforms) = postSolution
		{CE2D3EE3-9C39-4073-AE05-860A5AF91A39}.Debug|Any CPU.ActiveCfg = Debug|Any CPU
		{CE2D3EE3-9C39-4073-AE05-860A5AF91A39}.Debug|Any CPU.Build.0 = Debug|Any CPU
		{CE2D3EE3-9C39-4073-AE05-860A5AF91A39}.Release|Any CPU.ActiveCfg = Release|Any CPU
		{CE2D3EE3-9C39-4073-AE05-860A5AF91A39}.Release|Any CPU.Build.0 = Release|Any CPU
	EndGlobalSection
	GlobalSection(SolutionProperties) = preSolution
		HideSolutionNode = FALSE
	EndGlobalSection
EndGlobal
